// !$*UTF8*$!
{
	archiveVersion = 1;
	classes = {
	};
	objectVersion = 55;
	objects = {

/* Begin PBXBuildFile section */
		6152794E280713280031852D /* AppDelegate.swift in Sources */ = {isa = PBXBuildFile; fileRef = 6152794D280713280031852D /* AppDelegate.swift */; };
		61527950280713280031852D /* SceneDelegate.swift in Sources */ = {isa = PBXBuildFile; fileRef = 6152794F280713280031852D /* SceneDelegate.swift */; };
		61527955280713280031852D /* Main.storyboard in Resources */ = {isa = PBXBuildFile; fileRef = 61527953280713280031852D /* Main.storyboard */; };
		615279572807132A0031852D /* Assets.xcassets in Resources */ = {isa = PBXBuildFile; fileRef = 615279562807132A0031852D /* Assets.xcassets */; };
		6152795A2807132A0031852D /* LaunchScreen.storyboard in Resources */ = {isa = PBXBuildFile; fileRef = 615279582807132A0031852D /* LaunchScreen.storyboard */; };
		6152796B28071B830031852D /* WeatherViewController.swift in Sources */ = {isa = PBXBuildFile; fileRef = 6152796A28071B830031852D /* WeatherViewController.swift */; };
		6152796D28071BA00031852D /* CityViewController.swift in Sources */ = {isa = PBXBuildFile; fileRef = 6152796C28071BA00031852D /* CityViewController.swift */; };
		6152796F28071BBD0031852D /* WeatherData.swift in Sources */ = {isa = PBXBuildFile; fileRef = 6152796E28071BBD0031852D /* WeatherData.swift */; };
		6152797128071BC90031852D /* WeatherManager.swift in Sources */ = {isa = PBXBuildFile; fileRef = 6152797028071BC90031852D /* WeatherManager.swift */; };
		6152797328071BDB0031852D /* CityManager.swift in Sources */ = {isa = PBXBuildFile; fileRef = 6152797228071BDB0031852D /* CityManager.swift */; };
		6152797528071BE90031852D /* WeatherModel.swift in Sources */ = {isa = PBXBuildFile; fileRef = 6152797428071BE90031852D /* WeatherModel.swift */; };
/* End PBXBuildFile section */

/* Begin PBXFileReference section */
		6152794A280713280031852D /* WeatherMobile.app */ = {isa = PBXFileReference; explicitFileType = wrapper.application; includeInIndex = 0; path = WeatherMobile.app; sourceTree = BUILT_PRODUCTS_DIR; };
		6152794D280713280031852D /* AppDelegate.swift */ = {isa = PBXFileReference; lastKnownFileType = sourcecode.swift; path = AppDelegate.swift; sourceTree = "<group>"; };
		6152794F280713280031852D /* SceneDelegate.swift */ = {isa = PBXFileReference; lastKnownFileType = sourcecode.swift; path = SceneDelegate.swift; sourceTree = "<group>"; };
		61527954280713280031852D /* Base */ = {isa = PBXFileReference; lastKnownFileType = file.storyboard; name = Base; path = Base.lproj/Main.storyboard; sourceTree = "<group>"; };
		615279562807132A0031852D /* Assets.xcassets */ = {isa = PBXFileReference; lastKnownFileType = folder.assetcatalog; path = Assets.xcassets; sourceTree = "<group>"; };
		615279592807132A0031852D /* Base */ = {isa = PBXFileReference; lastKnownFileType = file.storyboard; name = Base; path = Base.lproj/LaunchScreen.storyboard; sourceTree = "<group>"; };
		6152795B2807132A0031852D /* Info.plist */ = {isa = PBXFileReference; lastKnownFileType = text.plist.xml; path = Info.plist; sourceTree = "<group>"; };
		6152796A28071B830031852D /* WeatherViewController.swift */ = {isa = PBXFileReference; lastKnownFileType = sourcecode.swift; path = WeatherViewController.swift; sourceTree = "<group>"; };
		6152796C28071BA00031852D /* CityViewController.swift */ = {isa = PBXFileReference; lastKnownFileType = sourcecode.swift; path = CityViewController.swift; sourceTree = "<group>"; };
		6152796E28071BBD0031852D /* WeatherData.swift */ = {isa = PBXFileReference; lastKnownFileType = sourcecode.swift; path = WeatherData.swift; sourceTree = "<group>"; };
		6152797028071BC90031852D /* WeatherManager.swift */ = {isa = PBXFileReference; lastKnownFileType = sourcecode.swift; path = WeatherManager.swift; sourceTree = "<group>"; };
		6152797228071BDB0031852D /* CityManager.swift */ = {isa = PBXFileReference; lastKnownFileType = sourcecode.swift; path = CityManager.swift; sourceTree = "<group>"; };
		6152797428071BE90031852D /* WeatherModel.swift */ = {isa = PBXFileReference; lastKnownFileType = sourcecode.swift; path = WeatherModel.swift; sourceTree = "<group>"; };
/* End PBXFileReference section */

/* Begin PBXFrameworksBuildPhase section */
		61527947280713280031852D /* Frameworks */ = {
			isa = PBXFrameworksBuildPhase;
			buildActionMask = 2147483647;
			files = (
			);
			runOnlyForDeploymentPostprocessing = 0;
		};
/* End PBXFrameworksBuildPhase section */

/* Begin PBXGroup section */
		61527941280713270031852D = {
			isa = PBXGroup;
			children = (
				6152794C280713280031852D /* WeatherMobile */,
				6152794B280713280031852D /* Products */,
			);
			sourceTree = "<group>";
		};
		6152794B280713280031852D /* Products */ = {
			isa = PBXGroup;
			children = (
				6152794A280713280031852D /* WeatherMobile.app */,
			);
			name = Products;
			sourceTree = "<group>";
		};
		6152794C280713280031852D /* WeatherMobile */ = {
			isa = PBXGroup;
			children = (
				6152796528071B1E0031852D /* Model */,
				6152796828071B3F0031852D /* View */,
				6152796928071B570031852D /* Controller */,
				615279762807C78E0031852D /* Resources */,
				615279562807132A0031852D /* Assets.xcassets */,
				6152795B2807132A0031852D /* Info.plist */,
			);
			path = WeatherMobile;
			sourceTree = "<group>";
		};
		6152796528071B1E0031852D /* Model */ = {
			isa = PBXGroup;
			children = (
				6152796E28071BBD0031852D /* WeatherData.swift */,
				6152797028071BC90031852D /* WeatherManager.swift */,
				6152797428071BE90031852D /* WeatherModel.swift */,
				6152797228071BDB0031852D /* CityManager.swift */,
			);
			path = Model;
			sourceTree = "<group>";
		};
		6152796828071B3F0031852D /* View */ = {
			isa = PBXGroup;
			children = (
				61527953280713280031852D /* Main.storyboard */,
				615279582807132A0031852D /* LaunchScreen.storyboard */,
			);
			path = View;
			sourceTree = "<group>";
		};
		6152796928071B570031852D /* Controller */ = {
			isa = PBXGroup;
			children = (
				6152796A28071B830031852D /* WeatherViewController.swift */,
				6152796C28071BA00031852D /* CityViewController.swift */,
			);
			path = Controller;
			sourceTree = "<group>";
		};
		615279762807C78E0031852D /* Resources */ = {
			isa = PBXGroup;
			children = (
				6152794D280713280031852D /* AppDelegate.swift */,
				6152794F280713280031852D /* SceneDelegate.swift */,
			);
			path = Resources;
			sourceTree = "<group>";
		};
/* End PBXGroup section */

/* Begin PBXNativeTarget section */
		61527949280713280031852D /* WeatherMobile */ = {
			isa = PBXNativeTarget;
			buildConfigurationList = 6152795E2807132A0031852D /* Build configuration list for PBXNativeTarget "WeatherMobile" */;
			buildPhases = (
				61527946280713280031852D /* Sources */,
				61527947280713280031852D /* Frameworks */,
				61527948280713280031852D /* Resources */,
			);
			buildRules = (
			);
			dependencies = (
			);
			name = WeatherMobile;
			productName = WeatherMobile;
			productReference = 6152794A280713280031852D /* WeatherMobile.app */;
			productType = "com.apple.product-type.application";
		};
/* End PBXNativeTarget section */

/* Begin PBXProject section */
		61527942280713270031852D /* Project object */ = {
			isa = PBXProject;
			attributes = {
				BuildIndependentTargetsInParallel = 1;
				LastSwiftUpdateCheck = 1330;
				LastUpgradeCheck = 1330;
				TargetAttributes = {
					61527949280713280031852D = {
						CreatedOnToolsVersion = 13.3.1;
					};
				};
			};
			buildConfigurationList = 61527945280713270031852D /* Build configuration list for PBXProject "WeatherMobile" */;
			compatibilityVersion = "Xcode 13.0";
			developmentRegion = en;
			hasScannedForEncodings = 0;
			knownRegions = (
				en,
				Base,
			);
			mainGroup = 61527941280713270031852D;
			productRefGroup = 6152794B280713280031852D /* Products */;
			projectDirPath = "";
			projectRoot = "";
			targets = (
				61527949280713280031852D /* WeatherMobile */,
			);
		};
/* End PBXProject section */

/* Begin PBXResourcesBuildPhase section */
		61527948280713280031852D /* Resources */ = {
			isa = PBXResourcesBuildPhase;
			buildActionMask = 2147483647;
			files = (
				6152795A2807132A0031852D /* LaunchScreen.storyboard in Resources */,
				615279572807132A0031852D /* Assets.xcassets in Resources */,
				61527955280713280031852D /* Main.storyboard in Resources */,
			);
			runOnlyForDeploymentPostprocessing = 0;
		};
/* End PBXResourcesBuildPhase section */

/* Begin PBXSourcesBuildPhase section */
		61527946280713280031852D /* Sources */ = {
			isa = PBXSourcesBuildPhase;
			buildActionMask = 2147483647;
			files = (
				6152797128071BC90031852D /* WeatherManager.swift in Sources */,
				6152797328071BDB0031852D /* CityManager.swift in Sources */,
				6152794E280713280031852D /* AppDelegate.swift in Sources */,
				6152796F28071BBD0031852D /* WeatherData.swift in Sources */,
				6152796B28071B830031852D /* WeatherViewController.swift in Sources */,
				61527950280713280031852D /* SceneDelegate.swift in Sources */,
				6152797528071BE90031852D /* WeatherModel.swift in Sources */,
				6152796D28071BA00031852D /* CityViewController.swift in Sources */,
			);
			runOnlyForDeploymentPostprocessing = 0;
		};
/* End PBXSourcesBuildPhase section */

/* Begin PBXVariantGroup section */
		61527953280713280031852D /* Main.storyboard */ = {
			isa = PBXVariantGroup;
			children = (
				61527954280713280031852D /* Base */,
			);
			name = Main.storyboard;
			sourceTree = "<group>";
		};
		615279582807132A0031852D /* LaunchScreen.storyboard */ = {
			isa = PBXVariantGroup;
			children = (
				615279592807132A0031852D /* Base */,
			);
			name = LaunchScreen.storyboard;
			sourceTree = "<group>";
		};
/* End PBXVariantGroup section */

/* Begin XCBuildConfiguration section */
		6152795C2807132A0031852D /* Debug */ = {
			isa = XCBuildConfiguration;
			buildSettings = {
				ALWAYS_SEARCH_USER_PATHS = NO;
				CLANG_ANALYZER_NONNULL = YES;
				CLANG_ANALYZER_NUMBER_OBJECT_CONVERSION = YES_AGGRESSIVE;
				CLANG_CXX_LANGUAGE_STANDARD = "gnu++17";
				CLANG_ENABLE_MODULES = YES;
				CLANG_ENABLE_OBJC_ARC = YES;
				CLANG_ENABLE_OBJC_WEAK = YES;
				CLANG_WARN_BLOCK_CAPTURE_AUTORELEASING = YES;
				CLANG_WARN_BOOL_CONVERSION = YES;
				CLANG_WARN_COMMA = YES;
				CLANG_WARN_CONSTANT_CONVERSION = YES;
				CLANG_WARN_DEPRECATED_OBJC_IMPLEMENTATIONS = YES;
				CLANG_WARN_DIRECT_OBJC_ISA_USAGE = YES_ERROR;
				CLANG_WARN_DOCUMENTATION_COMMENTS = YES;
				CLANG_WARN_EMPTY_BODY = YES;
				CLANG_WARN_ENUM_CONVERSION = YES;
				CLANG_WARN_INFINITE_RECURSION = YES;
				CLANG_WARN_INT_CONVERSION = YES;
				CLANG_WARN_NON_LITERAL_NULL_CONVERSION = YES;
				CLANG_WARN_OBJC_IMPLICIT_RETAIN_SELF = YES;
				CLANG_WARN_OBJC_LITERAL_CONVERSION = YES;
				CLANG_WARN_OBJC_ROOT_CLASS = YES_ERROR;
				CLANG_WARN_QUOTED_INCLUDE_IN_FRAMEWORK_HEADER = YES;
				CLANG_WARN_RANGE_LOOP_ANALYSIS = YES;
				CLANG_WARN_STRICT_PROTOTYPES = YES;
				CLANG_WARN_SUSPICIOUS_MOVE = YES;
				CLANG_WARN_UNGUARDED_AVAILABILITY = YES_AGGRESSIVE;
				CLANG_WARN_UNREACHABLE_CODE = YES;
				CLANG_WARN__DUPLICATE_METHOD_MATCH = YES;
				COPY_PHASE_STRIP = NO;
				DEBUG_INFORMATION_FORMAT = dwarf;
				ENABLE_STRICT_OBJC_MSGSEND = YES;
				ENABLE_TESTABILITY = YES;
				GCC_C_LANGUAGE_STANDARD = gnu11;
				GCC_DYNAMIC_NO_PIC = NO;
				GCC_NO_COMMON_BLOCKS = YES;
				GCC_OPTIMIZATION_LEVEL = 0;
				GCC_PREPROCESSOR_DEFINITIONS = (
					"DEBUG=1",
					"$(inherited)",
				);
				GCC_WARN_64_TO_32_BIT_CONVERSION = YES;
				GCC_WARN_ABOUT_RETURN_TYPE = YES_ERROR;
				GCC_WARN_UNDECLARED_SELECTOR = YES;
				GCC_WARN_UNINITIALIZED_AUTOS = YES_AGGRESSIVE;
				GCC_WARN_UNUSED_FUNCTION = YES;
				GCC_WARN_UNUSED_VARIABLE = YES;
				IPHONEOS_DEPLOYMENT_TARGET = 15.4;
				MTL_ENABLE_DEBUG_INFO = INCLUDE_SOURCE;
				MTL_FAST_MATH = YES;
				ONLY_ACTIVE_ARCH = YES;
				SDKROOT = iphoneos;
				SWIFT_ACTIVE_COMPILATION_CONDITIONS = DEBUG;
				SWIFT_OPTIMIZATION_LEVEL = "-Onone";
			};
			name = Debug;
		};
		6152795D2807132A0031852D /* Release */ = {
			isa = XCBuildConfiguration;
			buildSettings = {
				ALWAYS_SEARCH_USER_PATHS = NO;
				CLANG_ANALYZER_NONNULL = YES;
				CLANG_ANALYZER_NUMBER_OBJECT_CONVERSION = YES_AGGRESSIVE;
				CLANG_CXX_LANGUAGE_STANDARD = "gnu++17";
				CLANG_ENABLE_MODULES = YES;
				CLANG_ENABLE_OBJC_ARC = YES;
				CLANG_ENABLE_OBJC_WEAK = YES;
				CLANG_WARN_BLOCK_CAPTURE_AUTORELEASING = YES;
				CLANG_WARN_BOOL_CONVERSION = YES;
				CLANG_WARN_COMMA = YES;
				CLANG_WARN_CONSTANT_CONVERSION = YES;
				CLANG_WARN_DEPRECATED_OBJC_IMPLEMENTATIONS = YES;
				CLANG_WARN_DIRECT_OBJC_ISA_USAGE = YES_ERROR;
				CLANG_WARN_DOCUMENTATION_COMMENTS = YES;
				CLANG_WARN_EMPTY_BODY = YES;
				CLANG_WARN_ENUM_CONVERSION = YES;
				CLANG_WARN_INFINITE_RECURSION = YES;
				CLANG_WARN_INT_CONVERSION = YES;
				CLANG_WARN_NON_LITERAL_NULL_CONVERSION = YES;
				CLANG_WARN_OBJC_IMPLICIT_RETAIN_SELF = YES;
				CLANG_WARN_OBJC_LITERAL_CONVERSION = YES;
				CLANG_WARN_OBJC_ROOT_CLASS = YES_ERROR;
				CLANG_WARN_QUOTED_INCLUDE_IN_FRAMEWORK_HEADER = YES;
				CLANG_WARN_RANGE_LOOP_ANALYSIS = YES;
				CLANG_WARN_STRICT_PROTOTYPES = YES;
				CLANG_WARN_SUSPICIOUS_MOVE = YES;
				CLANG_WARN_UNGUARDED_AVAILABILITY = YES_AGGRESSIVE;
				CLANG_WARN_UNREACHABLE_CODE = YES;
				CLANG_WARN__DUPLICATE_METHOD_MATCH = YES;
				COPY_PHASE_STRIP = NO;
				DEBUG_INFORMATION_FORMAT = "dwarf-with-dsym";
				ENABLE_NS_ASSERTIONS = NO;
				ENABLE_STRICT_OBJC_MSGSEND = YES;
				GCC_C_LANGUAGE_STANDARD = gnu11;
				GCC_NO_COMMON_BLOCKS = YES;
				GCC_WARN_64_TO_32_BIT_CONVERSION = YES;
				GCC_WARN_ABOUT_RETURN_TYPE = YES_ERROR;
				GCC_WARN_UNDECLARED_SELECTOR = YES;
				GCC_WARN_UNINITIALIZED_AUTOS = YES_AGGRESSIVE;
				GCC_WARN_UNUSED_FUNCTION = YES;
				GCC_WARN_UNUSED_VARIABLE = YES;
				IPHONEOS_DEPLOYMENT_TARGET = 15.4;
				MTL_ENABLE_DEBUG_INFO = NO;
				MTL_FAST_MATH = YES;
				SDKROOT = iphoneos;
				SWIFT_COMPILATION_MODE = wholemodule;
				SWIFT_OPTIMIZATION_LEVEL = "-O";
				VALIDATE_PRODUCT = YES;
			};
			name = Release;
		};
		6152795F2807132A0031852D /* Debug */ = {
			isa = XCBuildConfiguration;
			buildSettings = {
				ASSETCATALOG_COMPILER_APPICON_NAME = AppIcon;
				ASSETCATALOG_COMPILER_GLOBAL_ACCENT_COLOR_NAME = AccentColor;
				CODE_SIGN_STYLE = Automatic;
				CURRENT_PROJECT_VERSION = 1;
				DEVELOPMENT_TEAM = G6DB52K4K2;
				GENERATE_INFOPLIST_FILE = YES;
				INFOPLIST_FILE = WeatherMobile/Info.plist;
				INFOPLIST_KEY_UIApplicationSupportsIndirectInputEvents = YES;
				INFOPLIST_KEY_UILaunchStoryboardName = LaunchScreen;
				INFOPLIST_KEY_UIMainStoryboardFile = Main;
				INFOPLIST_KEY_UISupportedInterfaceOrientations_iPad = "UIInterfaceOrientationPortrait UIInterfaceOrientationPortraitUpsideDown UIInterfaceOrientationLandscapeLeft UIInterfaceOrientationLandscapeRight";
				INFOPLIST_KEY_UISupportedInterfaceOrientations_iPhone = "UIInterfaceOrientationPortrait UIInterfaceOrientationLandscapeLeft UIInterfaceOrientationLandscapeRight";
				LD_RUNPATH_SEARCH_PATHS = (
					"$(inherited)",
					"@executable_path/Frameworks",
				);
				MARKETING_VERSION = 1.0;
				PRODUCT_BUNDLE_IDENTIFIER = com.kseniyaturovskaya.WeatherMobile;
				PRODUCT_NAME = "$(TARGET_NAME)";
				SWIFT_EMIT_LOC_STRINGS = YES;
				SWIFT_VERSION = 5.0;
				TARGETED_DEVICE_FAMILY = "1,2";
			};
			name = Debug;
		};
		615279602807132A0031852D /* Release */ = {
			isa = XCBuildConfiguration;
			buildSettings = {
				ASSETCATALOG_COMPILER_APPICON_NAME = AppIcon;
				ASSETCATALOG_COMPILER_GLOBAL_ACCENT_COLOR_NAME = AccentColor;
				CODE_SIGN_STYLE = Automatic;
				CURRENT_PROJECT_VERSION = 1;
				DEVELOPMENT_TEAM = G6DB52K4K2;
				GENERATE_INFOPLIST_FILE = YES;
				INFOPLIST_FILE = WeatherMobile/Info.plist;
				INFOPLIST_KEY_UIApplicationSupportsIndirectInputEvents = YES;
				INFOPLIST_KEY_UILaunchStoryboardName = LaunchScreen;
				INFOPLIST_KEY_UIMainStoryboardFile = Main;
				INFOPLIST_KEY_UISupportedInterfaceOrientations_iPad = "UIInterfaceOrientationPortrait UIInterfaceOrientationPortraitUpsideDown UIInterfaceOrientationLandscapeLeft UIInterfaceOrientationLandscapeRight";
				INFOPLIST_KEY_UISupportedInterfaceOrientations_iPhone = "UIInterfaceOrientationPortrait UIInterfaceOrientationLandscapeLeft UIInterfaceOrientationLandscapeRight";
				LD_RUNPATH_SEARCH_PATHS = (
					"$(inherited)",
					"@executable_path/Frameworks",
				);
				MARKETING_VERSION = 1.0;
				PRODUCT_BUNDLE_IDENTIFIER = com.kseniyaturovskaya.WeatherMobile;
				PRODUCT_NAME = "$(TARGET_NAME)";
				SWIFT_EMIT_LOC_STRINGS = YES;
				SWIFT_VERSION = 5.0;
				TARGETED_DEVICE_FAMILY = "1,2";
			};
			name = Release;
		};
/* End XCBuildConfiguration section */

/* Begin XCConfigurationList section */
		61527945280713270031852D /* Build configuration list for PBXProject "WeatherMobile" */ = {
			isa = XCConfigurationList;
			buildConfigurations = (
				6152795C2807132A0031852D /* Debug */,
				6152795D2807132A0031852D /* Release */,
			);
			defaultConfigurationIsVisible = 0;
			defaultConfigurationName = Release;
		};
		6152795E2807132A0031852D /* Build configuration list for PBXNativeTarget "WeatherMobile" */ = {
			isa = XCConfigurationList;
			buildConfigurations = (
				6152795F2807132A0031852D /* Debug */,
				615279602807132A0031852D /* Release */,
			);
			defaultConfigurationIsVisible = 0;
			defaultConfigurationName = Release;
		};
/* End XCConfigurationList section */
	};
	rootObject = 61527942280713270031852D /* Project object */;
}
